
Microsoft Visual Studio Solution File, Format Version 12.00
# Visual Studio Version 17
VisualStudioVersion = 17.7.34024.191
MinimumVisualStudioVersion = 10.0.40219.1
Project("{FAE04EC0-301F-11D3-BF4B-00C04F79EFBC}") = "Desafio", "Desafio\Desafio.csproj", "{D6C041FA-F64C-4F88-8502-79C43C0DD942}"
EndProject
Project("{FAE04EC0-301F-11D3-BF4B-00C04F79EFBC}") = "Domain", "Domain\Domain.csproj", "{5DA5F60A-0DC2-48CA-9FC8-403787328FFE}"
EndProject
Project("{FAE04EC0-301F-11D3-BF4B-00C04F79EFBC}") = "Infra", "Infra\Infra.csproj", "{0599B00D-974F-465F-9BFD-F614B03CDA88}"
EndProject
Global
	GlobalSection(SolutionConfigurationPlatforms) = preSolution
		Debug|Any CPU = Debug|Any CPU
		Release|Any CPU = Release|Any CPU
	EndGlobalSection
	GlobalSection(ProjectConfigurationPlatforms) = postSolution
		{D6C041FA-F64C-4F88-8502-79C43C0DD942}.Debug|Any CPU.ActiveCfg = Debug|Any CPU
		{D6C041FA-F64C-4F88-8502-79C43C0DD942}.Debug|Any CPU.Build.0 = Debug|Any CPU
		{D6C041FA-F64C-4F88-8502-79C43C0DD942}.Release|Any CPU.ActiveCfg = Release|Any CPU
		{D6C041FA-F64C-4F88-8502-79C43C0DD942}.Release|Any CPU.Build.0 = Release|Any CPU
		{5DA5F60A-0DC2-48CA-9FC8-403787328FFE}.Debug|Any CPU.ActiveCfg = Debug|Any CPU
		{5DA5F60A-0DC2-48CA-9FC8-403787328FFE}.Debug|Any CPU.Build.0 = Debug|Any CPU
		{5DA5F60A-0DC2-48CA-9FC8-403787328FFE}.Release|Any CPU.ActiveCfg = Release|Any CPU
		{5DA5F60A-0DC2-48CA-9FC8-403787328FFE}.Release|Any CPU.Build.0 = Release|Any CPU
		{0599B00D-974F-465F-9BFD-F614B03CDA88}.Debug|Any CPU.ActiveCfg = Debug|Any CPU
		{0599B00D-974F-465F-9BFD-F614B03CDA88}.Debug|Any CPU.Build.0 = Debug|Any CPU
		{0599B00D-974F-465F-9BFD-F614B03CDA88}.Release|Any CPU.ActiveCfg = Release|Any CPU
		{0599B00D-974F-465F-9BFD-F614B03CDA88}.Release|Any CPU.Build.0 = Release|Any CPU
	EndGlobalSection
	GlobalSection(SolutionProperties) = preSolution
		HideSolutionNode = FALSE
	EndGlobalSection
	GlobalSection(ExtensibilityGlobals) = postSolution
		SolutionGuid = {5FF6692C-B862-4F55-B659-DE582AAB6ACE}
	EndGlobalSection
EndGlobal
